<?xml version="1.0" encoding="utf-8"?>
<Project ToolsVersion="4.0" xmlns="http://schemas.microsoft.com/developer/msbuild/2003">
  <ItemGroup>
    <Filter Include="Source Files">
      <UniqueIdentifier>{4FC737F1-C7A5-4376-A066-2A32D752A2FF}</UniqueIdentifier>
      <Extensions>cpp;c;cc;cxx;def;odl;idl;hpj;bat;asm;asmx</Extensions>
    </Filter>
    <Filter Include="Header Files">
      <UniqueIdentifier>{93995380-89BD-4b04-88EB-625FBE52EBFB}</UniqueIdentifier>
      <Extensions>h;hh;hpp;hxx;hm;inl;inc;ipp;xsd</Extensions>
    </Filter>
    <Filter Include="Resource Files">
      <UniqueIdentifier>{67DA6AB6-F800-4c08-8B7A-83BB121AAD01}</UniqueIdentifier>
      <Extensions>rc;ico;cur;bmp;dlg;rc2;rct;bin;rgs;gif;jpg;jpeg;jpe;resx;tiff;tif;png;wav;mfcribbon-ms</Extensions>
    </Filter>
    <Filter Include="Shaders">
      <UniqueIdentifier>{a4a087ac-0812-4603-8e5e-aaeb8716f831}</UniqueIdentifier>
    </Filter>
    <Filter Include="Shaders\Shadow Mapping">
      <UniqueIdentifier>{314a0acc-f1db-4321-97b3-e3229afc1779}</UniqueIdentifier>
    </Filter>
    <Filter Include="ImGui">
      <UniqueIdentifier>{033268ae-089d-412b-a7d1-91cf59f3d584}</UniqueIdentifier>
    </Filter>
    <Filter Include="Shaders\Deferred Quad %28Resolving Pass%29">
      <UniqueIdentifier>{90fee2fb-aec3-4b1f-8334-cacbb059c131}</UniqueIdentifier>
    </Filter>
    <Filter Include="Shaders\Deferred Quad %28Resolving Pass%29\FXAA">
      <UniqueIdentifier>{0cc07b84-dec6-4134-a00f-438b1f40b8e2}</UniqueIdentifier>
    </Filter>
    <Filter Include="Shaders\Deferred %28GBuffer Pass%29">
      <UniqueIdentifier>{c07e349c-fa70-4940-9fb4-607b9a44e9d8}</UniqueIdentifier>
    </Filter>
    <Filter Include="Shaders\Deferred %28GBuffer Pass%29\SSAO">
      <UniqueIdentifier>{1dac6e6a-e978-4a25-8c56-16f925c28e0a}</UniqueIdentifier>
    </Filter>
    <Filter Include="Shaders\Deferred Quad %28Resolving Pass%29\Screenspace Reflections">
      <UniqueIdentifier>{30e28412-fe27-4d80-bb07-b73f0953ec6f}</UniqueIdentifier>
    </Filter>
    <Filter Include="Shaders\Voxelization">
      <UniqueIdentifier>{aac6a6c8-cf79-4b50-ae35-6f7ba91586e0}</UniqueIdentifier>
    </Filter>
  </ItemGroup>
  <ItemGroup>
    <ClCompile Include="main.cpp">
      <Filter>Source Files</Filter>
    </ClCompile>
    <ClCompile Include="Renderer\BaseRenderer.cpp">
      <Filter>Source Files</Filter>
    </ClCompile>
    <ClCompile Include="Renderer\VertexShader.cpp">
      <Filter>Source Files</Filter>
    </ClCompile>
    <ClCompile Include="Renderer\PixelShader.cpp">
      <Filter>Source Files</Filter>
    </ClCompile>
    <ClCompile Include="Renderer\Object.cpp">
      <Filter>Source Files</Filter>
    </ClCompile>
    <ClCompile Include="Renderer\RenderPass.cpp">
      <Filter>Source Files</Filter>
    </ClCompile>
    <ClCompile Include="Renderer\Camera.cpp">
      <Filter>Source Files</Filter>
    </ClCompile>
    <ClCompile Include="Renderer\Texturing.cpp">
      <Filter>Source Files</Filter>
    </ClCompile>
    <ClCompile Include="Renderer\ConstantBuffer.cpp">
      <Filter>Source Files</Filter>
    </ClCompile>
    <ClCompile Include="Renderer\ShadowMapping.cpp">
      <Filter>Source Files</Filter>
    </ClCompile>
    <ClCompile Include="..\extlib\imgui-master\imgui.cpp">
      <Filter>ImGui</Filter>
    </ClCompile>
    <ClCompile Include="..\extlib\imgui-master\imgui_demo.cpp">
      <Filter>ImGui</Filter>
    </ClCompile>
    <ClCompile Include="..\extlib\imgui-master\imgui_draw.cpp">
      <Filter>ImGui</Filter>
    </ClCompile>
    <ClCompile Include="..\extlib\imgui-master\imgui_impl_dx11.cpp">
      <Filter>ImGui</Filter>
    </ClCompile>
    <ClCompile Include="..\extlib\imgui-master\imgui_widgets.cpp">
      <Filter>ImGui</Filter>
    </ClCompile>
    <ClCompile Include="..\extlib\imgui-master\imgui_impl_glfw.cpp">
      <Filter>ImGui</Filter>
    </ClCompile>
    <ClCompile Include="Renderer\DeferredRenderPass.cpp">
      <Filter>Source Files</Filter>
    </ClCompile>
    <ClCompile Include="Renderer\AmbientOcclusion.cpp">
      <Filter>Source Files</Filter>
    </ClCompile>
    <ClCompile Include="Renderer\Voxelization.cpp">
      <Filter>Source Files</Filter>
    </ClCompile>
    <ClCompile Include="Renderer\GeometryShader.cpp">
      <Filter>Source Files</Filter>
    </ClCompile>
  </ItemGroup>
  <ItemGroup>
    <ClInclude Include="Renderer\BaseRenderer.h">
      <Filter>Header Files</Filter>
    </ClInclude>
    <ClInclude Include="Renderer\VertexShader.h">
      <Filter>Header Files</Filter>
    </ClInclude>
    <ClInclude Include="Renderer\PixelShader.h">
      <Filter>Header Files</Filter>
    </ClInclude>
    <ClInclude Include="Renderer\Object.h">
      <Filter>Header Files</Filter>
    </ClInclude>
    <ClInclude Include="Renderer\RenderPass.h">
      <Filter>Header Files</Filter>
    </ClInclude>
    <ClInclude Include="Renderer\Camera.h">
      <Filter>Header Files</Filter>
    </ClInclude>
    <ClInclude Include="Renderer\Texturing.h">
      <Filter>Header Files</Filter>
    </ClInclude>
    <ClInclude Include="Renderer\Light.h">
      <Filter>Header Files</Filter>
    </ClInclude>
    <ClInclude Include="Renderer\ConstantBuffer.h">
      <Filter>Header Files</Filter>
    </ClInclude>
    <ClInclude Include="Renderer\ShadowMapping.h">
      <Filter>Header Files</Filter>
    </ClInclude>
    <ClInclude Include="..\extlib\imgui-master\imconfig.h">
      <Filter>ImGui</Filter>
    </ClInclude>
    <ClInclude Include="..\extlib\imgui-master\imgui.h">
      <Filter>ImGui</Filter>
    </ClInclude>
    <ClInclude Include="..\extlib\imgui-master\imgui_impl_dx11.h">
      <Filter>ImGui</Filter>
    </ClInclude>
    <ClInclude Include="..\extlib\imgui-master\imgui_internal.h">
      <Filter>ImGui</Filter>
    </ClInclude>
    <ClInclude Include="..\extlib\imgui-master\imstb_rectpack.h">
      <Filter>ImGui</Filter>
    </ClInclude>
    <ClInclude Include="..\extlib\imgui-master\imstb_textedit.h">
      <Filter>ImGui</Filter>
    </ClInclude>
    <ClInclude Include="..\extlib\imgui-master\imstb_truetype.h">
      <Filter>ImGui</Filter>
    </ClInclude>
    <ClInclude Include="..\extlib\imgui-master\imgui_impl_glfw.h">
      <Filter>ImGui</Filter>
    </ClInclude>
    <ClInclude Include="Renderer\AmbientOcclusion.h">
      <Filter>Header Files</Filter>
    </ClInclude>
    <ClInclude Include="Renderer\Voxelization.h">
      <Filter>Header Files</Filter>
    </ClInclude>
    <ClInclude Include="Renderer\GeometryShader.h">
      <Filter>Header Files</Filter>
    </ClInclude>
  </ItemGroup>
  <ItemGroup>
    <FxCompile Include="Shaders\pixelShader.hlsl">
      <Filter>Shaders</Filter>
    </FxCompile>
    <FxCompile Include="Shaders\vertexShader.hlsl">
      <Filter>Shaders</Filter>
    </FxCompile>
    <FxCompile Include="Shaders\Shadow\vertexShader.hlsl">
      <Filter>Shaders\Shadow Mapping</Filter>
    </FxCompile>
    <FxCompile Include="Shaders\Shadow\pixelShader.hlsl">
      <Filter>Shaders\Shadow Mapping</Filter>
    </FxCompile>
    <FxCompile Include="Shaders\DeferredQuad\pixelShader.hlsl">
      <Filter>Shaders\Deferred Quad %28Resolving Pass%29</Filter>
    </FxCompile>
    <FxCompile Include="Shaders\DeferredQuad\vertexShader.hlsl">
      <Filter>Shaders\Deferred Quad %28Resolving Pass%29</Filter>
    </FxCompile>
    <FxCompile Include="Shaders\Deferred\pixelShader.hlsl">
      <Filter>Shaders\Deferred %28GBuffer Pass%29</Filter>
    </FxCompile>
    <FxCompile Include="Shaders\Deferred\vertexShader.hlsl">
      <Filter>Shaders\Deferred %28GBuffer Pass%29</Filter>
    </FxCompile>
    <FxCompile Include="Shaders\DeferredQuad\FXAA\vertexShader.hlsl">
      <Filter>Shaders\Deferred Quad %28Resolving Pass%29\FXAA</Filter>
    </FxCompile>
    <FxCompile Include="Shaders\DeferredQuad\FXAA\pixelShader.hlsl">
      <Filter>Shaders\Deferred Quad %28Resolving Pass%29\FXAA</Filter>
    </FxCompile>
    <FxCompile Include="Shaders\Deferred\SSAO\blurPixelShader.hlsl">
      <Filter>Shaders\Deferred %28GBuffer Pass%29\SSAO</Filter>
    </FxCompile>
    <FxCompile Include="Shaders\Deferred\SSAO\blurVertexShader.hlsl">
      <Filter>Shaders\Deferred %28GBuffer Pass%29\SSAO</Filter>
    </FxCompile>
    <FxCompile Include="Shaders\Deferred\SSAO\pixelShader.hlsl">
      <Filter>Shaders\Deferred %28GBuffer Pass%29\SSAO</Filter>
    </FxCompile>
    <FxCompile Include="Shaders\Deferred\SSAO\vertexShader.hlsl">
      <Filter>Shaders\Deferred %28GBuffer Pass%29\SSAO</Filter>
    </FxCompile>
    <FxCompile Include="Shaders\DeferredQuad\SSR\pixelShader.hlsl">
      <Filter>Shaders\Deferred Quad %28Resolving Pass%29\Screenspace Reflections</Filter>
    </FxCompile>
    <FxCompile Include="Shaders\DeferredQuad\SSR\vertexShader.hlsl">
      <Filter>Shaders\Deferred Quad %28Resolving Pass%29\Screenspace Reflections</Filter>
    </FxCompile>
    <FxCompile Include="Shaders\Voxelization\vertexShader.hlsl">
      <Filter>Shaders\Voxelization</Filter>
    </FxCompile>
    <FxCompile Include="Shaders\Voxelization\pixelShader.hlsl">
      <Filter>Shaders\Voxelization</Filter>
    </FxCompile>
    <FxCompile Include="Shaders\Voxelization\geometryShader.hlsl">
      <Filter>Shaders\Voxelization</Filter>
    </FxCompile>
  </ItemGroup>
  <ItemGroup>
    <None Include="Shaders\common.hlsli">
      <Filter>Shaders</Filter>
    </None>
    <None Include="Shaders\voxelConeTracing.hlsli">
      <Filter>Shaders</Filter>
    </None>
  </ItemGroup>
</Project>