
Microsoft Visual Studio Solution File, Format Version 12.00
# Visual Studio 15
VisualStudioVersion = 15.0.27703.2042
MinimumVisualStudioVersion = 10.0.40219.1
Project("{8BC9CEB8-8B4A-11D0-8D11-00A0C91BC942}") = "SimpleOpenGL", "SimpleOpenGL.vcxproj", "{A53D047C-2C35-44FB-B7DB-2066FE520950}"
EndProject
Global
	GlobalSection(SolutionConfigurationPlatforms) = preSolution
		Debug|Win32 = Debug|Win32
		Release|Win32 = Release|Win32
	EndGlobalSection
	GlobalSection(ProjectConfigurationPlatforms) = postSolution
		{A53D047C-2C35-44FB-B7DB-2066FE520950}.Debug|Win32.ActiveCfg = Debug|Win32
		{A53D047C-2C35-44FB-B7DB-2066FE520950}.Debug|Win32.Build.0 = Debug|Win32
		{A53D047C-2C35-44FB-B7DB-2066FE520950}.Release|Win32.ActiveCfg = Release|Win32
		{A53D047C-2C35-44FB-B7DB-2066FE520950}.Release|Win32.Build.0 = Release|Win32
	EndGlobalSection
	GlobalSection(SolutionProperties) = preSolution
		HideSolutionNode = FALSE
	EndGlobalSection
	GlobalSection(ExtensibilityGlobals) = postSolution
		SolutionGuid = {07B84346-33CF-43E1-97FA-641993FBDB02}
	EndGlobalSection
EndGlobal
